
Microsoft Visual Studio Solution File, Format Version 12.00
# Visual Studio Version 17
VisualStudioVersion = 17.3.32825.248
MinimumVisualStudioVersion = 10.0.40219.1
Project("{FAE04EC0-301F-11D3-BF4B-00C04F79EFBC}") = "MANEJOINVENTARIO", "MANEJOINVENTARIO.csproj", "{CD5BD2DD-3679-4F08-9656-1FBA6C017D18}"
EndProject
Global
	GlobalSection(SolutionConfigurationPlatforms) = preSolution
		Release|Any CPU = Release|Any CPU
	EndGlobalSection
	GlobalSection(ProjectConfigurationPlatforms) = postSolution
		{CD5BD2DD-3679-4F08-9656-1FBA6C017D18}.Release|Any CPU.ActiveCfg = Release|Any CPU
		{CD5BD2DD-3679-4F08-9656-1FBA6C017D18}.Release|Any CPU.Build.0 = Release|Any CPU
	EndGlobalSection
	GlobalSection(SolutionProperties) = preSolution
		HideSolutionNode = FALSE
	EndGlobalSection
	GlobalSection(ExtensibilityGlobals) = postSolution
		SolutionGuid = {1EFFE73D-9699-4E9A-A9D3-2B72CDF83452}
	EndGlobalSection
EndGlobal
